schema: '2.0'
stages:
  data_ingestion:
    cmd: python src/data/data_ingestion.py
    deps:
    - path: src/data/data_ingestion.py
      hash: md5
      md5: d23c248615a052666ce7b576686474c4
      size: 3222
    params:
      params.yaml:
        data_ingestion.test_size: 0.24
    outs:
    - path: data/raw
      hash: md5
      md5: b2e209a5f940f6fb937c65123d118cc0.dir
      size: 827973
      nfiles: 2
  data_preprocessing:
    cmd: python src/data/data_preprocessing.py
    deps:
    - path: data/raw
      hash: md5
      md5: b2e209a5f940f6fb937c65123d118cc0.dir
      size: 827973
      nfiles: 2
    - path: src/data/data_preprocessing.py
      hash: md5
      md5: 69c1e925599fe9c337f9de05b76b0176
      size: 3990
    outs:
    - path: data/interim
      hash: md5
      md5: 39dba9d27ce97208b7f8c020b0538677.dir
      size: 566210
      nfiles: 2
  feature_engineering:
    cmd: python src/features/feature_engineering.py
    deps:
    - path: data/interim
      hash: md5
      md5: 39dba9d27ce97208b7f8c020b0538677.dir
      size: 566210
      nfiles: 2
    - path: src/features/feature_engineering.py
      hash: md5
      md5: 838811bcfeedcbfed75e1a24c98d63cc
      size: 3821
    params:
      params.yaml:
        feature_engineering.max_features: 50
    outs:
    - path: data/processed
      hash: md5
      md5: 7f316a07bc0262840eb17a1e9f03865c.dir
      size: 1068816
      nfiles: 2
  model_building:
    cmd: python src/model/model_building.py
    deps:
    - path: data/processed
      hash: md5
      md5: 7f316a07bc0262840eb17a1e9f03865c.dir
      size: 1068816
      nfiles: 2
    - path: src/model/model_building.py
      hash: md5
      md5: f85f3e5f2295ef5a6b539395836e591e
      size: 3059
    params:
      params.yaml:
        model_building.learning_rate: 0.1
        model_building.n_estimators: 25
    outs:
    - path: models/model.pkl
      hash: md5
      md5: a9acdb424f05b52be79f022f585024d8
      size: 37235
  model_evaluation:
    cmd: python src/model/model_evaluation.py
    deps:
    - path: models/model.pkl
      hash: md5
      md5: a9acdb424f05b52be79f022f585024d8
      size: 37235
    - path: src/model/model_evaluation.py
      hash: md5
      md5: a6eec6ad749aa22c1aff524b392b695c
      size: 3367
    outs:
    - path: reports/metrics.json
      hash: md5
      md5: 8b1fc5a9d1341a3ac2f4df7bf712a709
      size: 146
